// !$*UTF8*$!
{
	archiveVersion = 1;
	classes = {
	};
	objectVersion = 56;
	objects = {

/* Begin PBXBuildFile section */
		882845D729DDE2BD00824E9E /* LandmarksApp.swift in Sources */ = {isa = PBXBuildFile; fileRef = 882845D629DDE2BD00824E9E /* LandmarksApp.swift */; };
		882845D929DDE2BD00824E9E /* ContentView.swift in Sources */ = {isa = PBXBuildFile; fileRef = 882845D829DDE2BD00824E9E /* ContentView.swift */; };
		882845DB29DDE2BE00824E9E /* Assets.xcassets in Resources */ = {isa = PBXBuildFile; fileRef = 882845DA29DDE2BE00824E9E /* Assets.xcassets */; };
		882845DE29DDE2BE00824E9E /* Preview Assets.xcassets in Resources */ = {isa = PBXBuildFile; fileRef = 882845DD29DDE2BE00824E9E /* Preview Assets.xcassets */; };
		882845E529DDED9F00824E9E /* CircleImage.swift in Sources */ = {isa = PBXBuildFile; fileRef = 882845E429DDED9F00824E9E /* CircleImage.swift */; };
		882845E729DDF20600824E9E /* MapView.swift in Sources */ = {isa = PBXBuildFile; fileRef = 882845E629DDF20600824E9E /* MapView.swift */; };
		882845E929DDFB8C00824E9E /* landmarkData.json in Resources */ = {isa = PBXBuildFile; fileRef = 882845E829DDFB8C00824E9E /* landmarkData.json */; };
		882845EB29DDFBDF00824E9E /* Landmark.swift in Sources */ = {isa = PBXBuildFile; fileRef = 882845EA29DDFBDF00824E9E /* Landmark.swift */; };
		882845ED29DE0BB400824E9E /* ModelData.swift in Sources */ = {isa = PBXBuildFile; fileRef = 882845EC29DE0BB400824E9E /* ModelData.swift */; };
		882845F429DE1BD700824E9E /* LandmarkList.swift in Sources */ = {isa = PBXBuildFile; fileRef = 882845F329DE1BD700824E9E /* LandmarkList.swift */; };
		882845F629DE223700824E9E /* LandmarkDetail.swift in Sources */ = {isa = PBXBuildFile; fileRef = 882845F529DE223700824E9E /* LandmarkDetail.swift */; };
		886873F729DE6E8000244745 /* LandmarkRow.swift in Sources */ = {isa = PBXBuildFile; fileRef = 886873F629DE6E8000244745 /* LandmarkRow.swift */; };
		886873FB29DF7B5000244745 /* HexagonParameters.swift in Sources */ = {isa = PBXBuildFile; fileRef = 886873FA29DF7B5000244745 /* HexagonParameters.swift */; };
		886873FD29DF7E3500244745 /* BadgeBackground.swift in Sources */ = {isa = PBXBuildFile; fileRef = 886873FC29DF7E3500244745 /* BadgeBackground.swift */; };
		886873FF29DF994E00244745 /* BadgeSymbol.swift in Sources */ = {isa = PBXBuildFile; fileRef = 886873FE29DF994E00244745 /* BadgeSymbol.swift */; };
		8868740129DF99BB00244745 /* RotatedBadgeSymbol.swift in Sources */ = {isa = PBXBuildFile; fileRef = 8868740029DF99BB00244745 /* RotatedBadgeSymbol.swift */; };
		8868740329DF9BB800244745 /* Badge.swift in Sources */ = {isa = PBXBuildFile; fileRef = 8868740229DF9BB800244745 /* Badge.swift */; };
		8868740629DFA0D500244745 /* hikeData.json in Resources */ = {isa = PBXBuildFile; fileRef = 8868740529DFA0D500244745 /* hikeData.json */; };
		8868740829DFA11400244745 /* Hike.swift in Sources */ = {isa = PBXBuildFile; fileRef = 8868740729DFA11400244745 /* Hike.swift */; };
		8868740E29DFA45900244745 /* GraphCapsule.swift in Sources */ = {isa = PBXBuildFile; fileRef = 8868740A29DFA45900244745 /* GraphCapsule.swift */; };
		8868740F29DFA45900244745 /* HikeGraph.swift in Sources */ = {isa = PBXBuildFile; fileRef = 8868740B29DFA45900244745 /* HikeGraph.swift */; };
		8868741029DFA45900244745 /* HikeDetail.swift in Sources */ = {isa = PBXBuildFile; fileRef = 8868740C29DFA45900244745 /* HikeDetail.swift */; };
		8868741129DFA45900244745 /* HikeView.swift in Sources */ = {isa = PBXBuildFile; fileRef = 8868740D29DFA45900244745 /* HikeView.swift */; };
		88E267D229DE69E6004F78A5 /* FavoriteButton.swift in Sources */ = {isa = PBXBuildFile; fileRef = 88E267D129DE69E6004F78A5 /* FavoriteButton.swift */; };
/* End PBXBuildFile section */

/* Begin PBXFileReference section */
		882845D329DDE2BD00824E9E /* Landmarks.app */ = {isa = PBXFileReference; explicitFileType = wrapper.application; includeInIndex = 0; path = Landmarks.app; sourceTree = BUILT_PRODUCTS_DIR; };
		882845D629DDE2BD00824E9E /* LandmarksApp.swift */ = {isa = PBXFileReference; lastKnownFileType = sourcecode.swift; path = LandmarksApp.swift; sourceTree = "<group>"; };
		882845D829DDE2BD00824E9E /* ContentView.swift */ = {isa = PBXFileReference; lastKnownFileType = sourcecode.swift; path = ContentView.swift; sourceTree = "<group>"; };
		882845DA29DDE2BE00824E9E /* Assets.xcassets */ = {isa = PBXFileReference; lastKnownFileType = folder.assetcatalog; path = Assets.xcassets; sourceTree = "<group>"; };
		882845DD29DDE2BE00824E9E /* Preview Assets.xcassets */ = {isa = PBXFileReference; lastKnownFileType = folder.assetcatalog; path = "Preview Assets.xcassets"; sourceTree = "<group>"; };
		882845E429DDED9F00824E9E /* CircleImage.swift */ = {isa = PBXFileReference; lastKnownFileType = sourcecode.swift; path = CircleImage.swift; sourceTree = "<group>"; };
		882845E629DDF20600824E9E /* MapView.swift */ = {isa = PBXFileReference; lastKnownFileType = sourcecode.swift; path = MapView.swift; sourceTree = "<group>"; };
		882845E829DDFB8C00824E9E /* landmarkData.json */ = {isa = PBXFileReference; fileEncoding = 4; lastKnownFileType = text.json; path = landmarkData.json; sourceTree = "<group>"; };
		882845EA29DDFBDF00824E9E /* Landmark.swift */ = {isa = PBXFileReference; lastKnownFileType = sourcecode.swift; path = Landmark.swift; sourceTree = "<group>"; };
		882845EC29DE0BB400824E9E /* ModelData.swift */ = {isa = PBXFileReference; lastKnownFileType = sourcecode.swift; path = ModelData.swift; sourceTree = "<group>"; };
		882845F329DE1BD700824E9E /* LandmarkList.swift */ = {isa = PBXFileReference; lastKnownFileType = sourcecode.swift; path = LandmarkList.swift; sourceTree = "<group>"; };
		882845F529DE223700824E9E /* LandmarkDetail.swift */ = {isa = PBXFileReference; lastKnownFileType = sourcecode.swift; path = LandmarkDetail.swift; sourceTree = "<group>"; };
		886873F629DE6E8000244745 /* LandmarkRow.swift */ = {isa = PBXFileReference; fileEncoding = 4; lastKnownFileType = sourcecode.swift; path = LandmarkRow.swift; sourceTree = "<group>"; };
		886873FA29DF7B5000244745 /* HexagonParameters.swift */ = {isa = PBXFileReference; lastKnownFileType = sourcecode.swift; path = HexagonParameters.swift; sourceTree = "<group>"; };
		886873FC29DF7E3500244745 /* BadgeBackground.swift */ = {isa = PBXFileReference; lastKnownFileType = sourcecode.swift; path = BadgeBackground.swift; sourceTree = "<group>"; };
		886873FE29DF994E00244745 /* BadgeSymbol.swift */ = {isa = PBXFileReference; lastKnownFileType = sourcecode.swift; path = BadgeSymbol.swift; sourceTree = "<group>"; };
		8868740029DF99BB00244745 /* RotatedBadgeSymbol.swift */ = {isa = PBXFileReference; lastKnownFileType = sourcecode.swift; path = RotatedBadgeSymbol.swift; sourceTree = "<group>"; };
		8868740229DF9BB800244745 /* Badge.swift */ = {isa = PBXFileReference; lastKnownFileType = sourcecode.swift; path = Badge.swift; sourceTree = "<group>"; };
		8868740529DFA0D500244745 /* hikeData.json */ = {isa = PBXFileReference; fileEncoding = 4; lastKnownFileType = text.json; path = hikeData.json; sourceTree = "<group>"; };
		8868740729DFA11400244745 /* Hike.swift */ = {isa = PBXFileReference; lastKnownFileType = sourcecode.swift; path = Hike.swift; sourceTree = "<group>"; };
		8868740A29DFA45900244745 /* GraphCapsule.swift */ = {isa = PBXFileReference; fileEncoding = 4; lastKnownFileType = sourcecode.swift; path = GraphCapsule.swift; sourceTree = "<group>"; };
		8868740B29DFA45900244745 /* HikeGraph.swift */ = {isa = PBXFileReference; fileEncoding = 4; lastKnownFileType = sourcecode.swift; path = HikeGraph.swift; sourceTree = "<group>"; };
		8868740C29DFA45900244745 /* HikeDetail.swift */ = {isa = PBXFileReference; fileEncoding = 4; lastKnownFileType = sourcecode.swift; path = HikeDetail.swift; sourceTree = "<group>"; };
		8868740D29DFA45900244745 /* HikeView.swift */ = {isa = PBXFileReference; fileEncoding = 4; lastKnownFileType = sourcecode.swift; path = HikeView.swift; sourceTree = "<group>"; };
		88E267D129DE69E6004F78A5 /* FavoriteButton.swift */ = {isa = PBXFileReference; lastKnownFileType = sourcecode.swift; path = FavoriteButton.swift; sourceTree = "<group>"; };
/* End PBXFileReference section */

/* Begin PBXFrameworksBuildPhase section */
		882845D029DDE2BD00824E9E /* Frameworks */ = {
			isa = PBXFrameworksBuildPhase;
			buildActionMask = 2147483647;
			files = (
			);
			runOnlyForDeploymentPostprocessing = 0;
		};
/* End PBXFrameworksBuildPhase section */

/* Begin PBXGroup section */
		882845CA29DDE2BD00824E9E = {
			isa = PBXGroup;
			children = (
				882845D529DDE2BD00824E9E /* Landmarks */,
				882845D429DDE2BD00824E9E /* Products */,
			);
			sourceTree = "<group>";
		};
		882845D429DDE2BD00824E9E /* Products */ = {
			isa = PBXGroup;
			children = (
				882845D329DDE2BD00824E9E /* Landmarks.app */,
			);
			name = Products;
			sourceTree = "<group>";
		};
		882845D529DDE2BD00824E9E /* Landmarks */ = {
			isa = PBXGroup;
			children = (
				882845D629DDE2BD00824E9E /* LandmarksApp.swift */,
				882845EE29DE112F00824E9E /* Views */,
				882845EF29DE114D00824E9E /* Model */,
				882845F029DE115A00824E9E /* Resources */,
				882845DA29DDE2BE00824E9E /* Assets.xcassets */,
				882845DC29DDE2BE00824E9E /* Preview Content */,
			);
			path = Landmarks;
			sourceTree = "<group>";
		};
		882845DC29DDE2BE00824E9E /* Preview Content */ = {
			isa = PBXGroup;
			children = (
				882845DD29DDE2BE00824E9E /* Preview Assets.xcassets */,
			);
			path = "Preview Content";
			sourceTree = "<group>";
		};
		882845EE29DE112F00824E9E /* Views */ = {
			isa = PBXGroup;
			children = (
				8868740929DFA45900244745 /* Hikes */,
				882845D829DDE2BD00824E9E /* ContentView.swift */,
				886873F829DE6EAE00244745 /* Landmark */,
				886873F929DE6EE900244745 /* Helpers */,
				8868740429DF9D2200244745 /* Badges */,
			);
			path = Views;
			sourceTree = "<group>";
		};
		882845EF29DE114D00824E9E /* Model */ = {
			isa = PBXGroup;
			children = (
				8868740729DFA11400244745 /* Hike.swift */,
				882845EA29DDFBDF00824E9E /* Landmark.swift */,
				882845EC29DE0BB400824E9E /* ModelData.swift */,
			);
			path = Model;
			sourceTree = "<group>";
		};
		882845F029DE115A00824E9E /* Resources */ = {
			isa = PBXGroup;
			children = (
				8868740529DFA0D500244745 /* hikeData.json */,
				882845E829DDFB8C00824E9E /* landmarkData.json */,
			);
			path = Resources;
			sourceTree = "<group>";
		};
		886873F829DE6EAE00244745 /* Landmark */ = {
			isa = PBXGroup;
			children = (
				886873F629DE6E8000244745 /* LandmarkRow.swift */,
				882845F329DE1BD700824E9E /* LandmarkList.swift */,
				882845F529DE223700824E9E /* LandmarkDetail.swift */,
			);
			path = Landmark;
			sourceTree = "<group>";
		};
		886873F929DE6EE900244745 /* Helpers */ = {
			isa = PBXGroup;
			children = (
				88E267D129DE69E6004F78A5 /* FavoriteButton.swift */,
				882845E429DDED9F00824E9E /* CircleImage.swift */,
				882845E629DDF20600824E9E /* MapView.swift */,
			);
			path = Helpers;
			sourceTree = "<group>";
		};
		8868740429DF9D2200244745 /* Badges */ = {
			isa = PBXGroup;
			children = (
				886873FA29DF7B5000244745 /* HexagonParameters.swift */,
				886873FC29DF7E3500244745 /* BadgeBackground.swift */,
				886873FE29DF994E00244745 /* BadgeSymbol.swift */,
				8868740029DF99BB00244745 /* RotatedBadgeSymbol.swift */,
				8868740229DF9BB800244745 /* Badge.swift */,
			);
			path = Badges;
			sourceTree = "<group>";
		};
		8868740929DFA45900244745 /* Hikes */ = {
			isa = PBXGroup;
			children = (
				8868740A29DFA45900244745 /* GraphCapsule.swift */,
				8868740B29DFA45900244745 /* HikeGraph.swift */,
				8868740C29DFA45900244745 /* HikeDetail.swift */,
				8868740D29DFA45900244745 /* HikeView.swift */,
			);
			path = Hikes;
			sourceTree = "<group>";
		};
/* End PBXGroup section */

/* Begin PBXNativeTarget section */
		882845D229DDE2BD00824E9E /* Landmarks */ = {
			isa = PBXNativeTarget;
			buildConfigurationList = 882845E129DDE2BE00824E9E /* Build configuration list for PBXNativeTarget "Landmarks" */;
			buildPhases = (
				882845CF29DDE2BD00824E9E /* Sources */,
				882845D029DDE2BD00824E9E /* Frameworks */,
				882845D129DDE2BD00824E9E /* Resources */,
			);
			buildRules = (
			);
			dependencies = (
			);
			name = Landmarks;
			productName = Landmarks;
			productReference = 882845D329DDE2BD00824E9E /* Landmarks.app */;
			productType = "com.apple.product-type.application";
		};
/* End PBXNativeTarget section */

/* Begin PBXProject section */
		882845CB29DDE2BD00824E9E /* Project object */ = {
			isa = PBXProject;
			attributes = {
				BuildIndependentTargetsInParallel = 1;
				LastSwiftUpdateCheck = 1430;
				LastUpgradeCheck = 1430;
				TargetAttributes = {
					882845D229DDE2BD00824E9E = {
						CreatedOnToolsVersion = 14.3;
					};
				};
			};
			buildConfigurationList = 882845CE29DDE2BD00824E9E /* Build configuration list for PBXProject "Landmarks" */;
			compatibilityVersion = "Xcode 14.0";
			developmentRegion = en;
			hasScannedForEncodings = 0;
			knownRegions = (
				en,
				Base,
			);
			mainGroup = 882845CA29DDE2BD00824E9E;
			productRefGroup = 882845D429DDE2BD00824E9E /* Products */;
			projectDirPath = "";
			projectRoot = "";
			targets = (
				882845D229DDE2BD00824E9E /* Landmarks */,
			);
		};
/* End PBXProject section */

/* Begin PBXResourcesBuildPhase section */
		882845D129DDE2BD00824E9E /* Resources */ = {
			isa = PBXResourcesBuildPhase;
			buildActionMask = 2147483647;
			files = (
				8868740629DFA0D500244745 /* hikeData.json in Resources */,
				882845DE29DDE2BE00824E9E /* Preview Assets.xcassets in Resources */,
				882845DB29DDE2BE00824E9E /* Assets.xcassets in Resources */,
				882845E929DDFB8C00824E9E /* landmarkData.json in Resources */,
			);
			runOnlyForDeploymentPostprocessing = 0;
		};
/* End PBXResourcesBuildPhase section */

/* Begin PBXSourcesBuildPhase section */
		882845CF29DDE2BD00824E9E /* Sources */ = {
			isa = PBXSourcesBuildPhase;
			buildActionMask = 2147483647;
			files = (
				882845D929DDE2BD00824E9E /* ContentView.swift in Sources */,
				8868740F29DFA45900244745 /* HikeGraph.swift in Sources */,
				8868740329DF9BB800244745 /* Badge.swift in Sources */,
				882845E729DDF20600824E9E /* MapView.swift in Sources */,
				8868740E29DFA45900244745 /* GraphCapsule.swift in Sources */,
				882845D729DDE2BD00824E9E /* LandmarksApp.swift in Sources */,
				88E267D229DE69E6004F78A5 /* FavoriteButton.swift in Sources */,
				8868741029DFA45900244745 /* HikeDetail.swift in Sources */,
				886873FB29DF7B5000244745 /* HexagonParameters.swift in Sources */,
				8868740829DFA11400244745 /* Hike.swift in Sources */,
				8868740129DF99BB00244745 /* RotatedBadgeSymbol.swift in Sources */,
				886873FF29DF994E00244745 /* BadgeSymbol.swift in Sources */,
				882845F429DE1BD700824E9E /* LandmarkList.swift in Sources */,
				8868741129DFA45900244745 /* HikeView.swift in Sources */,
				882845F629DE223700824E9E /* LandmarkDetail.swift in Sources */,
				886873FD29DF7E3500244745 /* BadgeBackground.swift in Sources */,
				882845E529DDED9F00824E9E /* CircleImage.swift in Sources */,
				882845EB29DDFBDF00824E9E /* Landmark.swift in Sources */,
				886873F729DE6E8000244745 /* LandmarkRow.swift in Sources */,
				882845ED29DE0BB400824E9E /* ModelData.swift in Sources */,
			);
			runOnlyForDeploymentPostprocessing = 0;
		};
/* End PBXSourcesBuildPhase section */

/* Begin XCBuildConfiguration section */
		882845DF29DDE2BE00824E9E /* Debug */ = {
			isa = XCBuildConfiguration;
			buildSettings = {
				ALWAYS_SEARCH_USER_PATHS = NO;
				CLANG_ANALYZER_NONNULL = YES;
				CLANG_ANALYZER_NUMBER_OBJECT_CONVERSION = YES_AGGRESSIVE;
				CLANG_CXX_LANGUAGE_STANDARD = "gnu++20";
				CLANG_ENABLE_MODULES = YES;
				CLANG_ENABLE_OBJC_ARC = YES;
				CLANG_ENABLE_OBJC_WEAK = YES;
				CLANG_WARN_BLOCK_CAPTURE_AUTORELEASING = YES;
				CLANG_WARN_BOOL_CONVERSION = YES;
				CLANG_WARN_COMMA = YES;
				CLANG_WARN_CONSTANT_CONVERSION = YES;
				CLANG_WARN_DEPRECATED_OBJC_IMPLEMENTATIONS = YES;
				CLANG_WARN_DIRECT_OBJC_ISA_USAGE = YES_ERROR;
				CLANG_WARN_DOCUMENTATION_COMMENTS = YES;
				CLANG_WARN_EMPTY_BODY = YES;
				CLANG_WARN_ENUM_CONVERSION = YES;
				CLANG_WARN_INFINITE_RECURSION = YES;
				CLANG_WARN_INT_CONVERSION = YES;
				CLANG_WARN_NON_LITERAL_NULL_CONVERSION = YES;
				CLANG_WARN_OBJC_IMPLICIT_RETAIN_SELF = YES;
				CLANG_WARN_OBJC_LITERAL_CONVERSION = YES;
				CLANG_WARN_OBJC_ROOT_CLASS = YES_ERROR;
				CLANG_WARN_QUOTED_INCLUDE_IN_FRAMEWORK_HEADER = YES;
				CLANG_WARN_RANGE_LOOP_ANALYSIS = YES;
				CLANG_WARN_STRICT_PROTOTYPES = YES;
				CLANG_WARN_SUSPICIOUS_MOVE = YES;
				CLANG_WARN_UNGUARDED_AVAILABILITY = YES_AGGRESSIVE;
				CLANG_WARN_UNREACHABLE_CODE = YES;
				CLANG_WARN__DUPLICATE_METHOD_MATCH = YES;
				COPY_PHASE_STRIP = NO;
				DEBUG_INFORMATION_FORMAT = dwarf;
				ENABLE_STRICT_OBJC_MSGSEND = YES;
				ENABLE_TESTABILITY = YES;
				GCC_C_LANGUAGE_STANDARD = gnu11;
				GCC_DYNAMIC_NO_PIC = NO;
				GCC_NO_COMMON_BLOCKS = YES;
				GCC_OPTIMIZATION_LEVEL = 0;
				GCC_PREPROCESSOR_DEFINITIONS = (
					"DEBUG=1",
					"$(inherited)",
				);
				GCC_WARN_64_TO_32_BIT_CONVERSION = YES;
				GCC_WARN_ABOUT_RETURN_TYPE = YES_ERROR;
				GCC_WARN_UNDECLARED_SELECTOR = YES;
				GCC_WARN_UNINITIALIZED_AUTOS = YES_AGGRESSIVE;
				GCC_WARN_UNUSED_FUNCTION = YES;
				GCC_WARN_UNUSED_VARIABLE = YES;
				IPHONEOS_DEPLOYMENT_TARGET = 16.4;
				MTL_ENABLE_DEBUG_INFO = INCLUDE_SOURCE;
				MTL_FAST_MATH = YES;
				ONLY_ACTIVE_ARCH = YES;
				SDKROOT = iphoneos;
				SWIFT_ACTIVE_COMPILATION_CONDITIONS = DEBUG;
				SWIFT_OPTIMIZATION_LEVEL = "-Onone";
			};
			name = Debug;
		};
		882845E029DDE2BE00824E9E /* Release */ = {
			isa = XCBuildConfiguration;
			buildSettings = {
				ALWAYS_SEARCH_USER_PATHS = NO;
				CLANG_ANALYZER_NONNULL = YES;
				CLANG_ANALYZER_NUMBER_OBJECT_CONVERSION = YES_AGGRESSIVE;
				CLANG_CXX_LANGUAGE_STANDARD = "gnu++20";
				CLANG_ENABLE_MODULES = YES;
				CLANG_ENABLE_OBJC_ARC = YES;
				CLANG_ENABLE_OBJC_WEAK = YES;
				CLANG_WARN_BLOCK_CAPTURE_AUTORELEASING = YES;
				CLANG_WARN_BOOL_CONVERSION = YES;
				CLANG_WARN_COMMA = YES;
				CLANG_WARN_CONSTANT_CONVERSION = YES;
				CLANG_WARN_DEPRECATED_OBJC_IMPLEMENTATIONS = YES;
				CLANG_WARN_DIRECT_OBJC_ISA_USAGE = YES_ERROR;
				CLANG_WARN_DOCUMENTATION_COMMENTS = YES;
				CLANG_WARN_EMPTY_BODY = YES;
				CLANG_WARN_ENUM_CONVERSION = YES;
				CLANG_WARN_INFINITE_RECURSION = YES;
				CLANG_WARN_INT_CONVERSION = YES;
				CLANG_WARN_NON_LITERAL_NULL_CONVERSION = YES;
				CLANG_WARN_OBJC_IMPLICIT_RETAIN_SELF = YES;
				CLANG_WARN_OBJC_LITERAL_CONVERSION = YES;
				CLANG_WARN_OBJC_ROOT_CLASS = YES_ERROR;
				CLANG_WARN_QUOTED_INCLUDE_IN_FRAMEWORK_HEADER = YES;
				CLANG_WARN_RANGE_LOOP_ANALYSIS = YES;
				CLANG_WARN_STRICT_PROTOTYPES = YES;
				CLANG_WARN_SUSPICIOUS_MOVE = YES;
				CLANG_WARN_UNGUARDED_AVAILABILITY = YES_AGGRESSIVE;
				CLANG_WARN_UNREACHABLE_CODE = YES;
				CLANG_WARN__DUPLICATE_METHOD_MATCH = YES;
				COPY_PHASE_STRIP = NO;
				DEBUG_INFORMATION_FORMAT = "dwarf-with-dsym";
				ENABLE_NS_ASSERTIONS = NO;
				ENABLE_STRICT_OBJC_MSGSEND = YES;
				GCC_C_LANGUAGE_STANDARD = gnu11;
				GCC_NO_COMMON_BLOCKS = YES;
				GCC_WARN_64_TO_32_BIT_CONVERSION = YES;
				GCC_WARN_ABOUT_RETURN_TYPE = YES_ERROR;
				GCC_WARN_UNDECLARED_SELECTOR = YES;
				GCC_WARN_UNINITIALIZED_AUTOS = YES_AGGRESSIVE;
				GCC_WARN_UNUSED_FUNCTION = YES;
				GCC_WARN_UNUSED_VARIABLE = YES;
				IPHONEOS_DEPLOYMENT_TARGET = 16.4;
				MTL_ENABLE_DEBUG_INFO = NO;
				MTL_FAST_MATH = YES;
				SDKROOT = iphoneos;
				SWIFT_COMPILATION_MODE = wholemodule;
				SWIFT_OPTIMIZATION_LEVEL = "-O";
				VALIDATE_PRODUCT = YES;
			};
			name = Release;
		};
		882845E229DDE2BE00824E9E /* Debug */ = {
			isa = XCBuildConfiguration;
			buildSettings = {
				ASSETCATALOG_COMPILER_APPICON_NAME = AppIcon;
				ASSETCATALOG_COMPILER_GLOBAL_ACCENT_COLOR_NAME = AccentColor;
				CODE_SIGN_STYLE = Automatic;
				CURRENT_PROJECT_VERSION = 1;
				DEVELOPMENT_ASSET_PATHS = "\"Landmarks/Preview Content\"";
				DEVELOPMENT_TEAM = XJLXHFD4SM;
				ENABLE_PREVIEWS = YES;
				GENERATE_INFOPLIST_FILE = YES;
				INFOPLIST_KEY_UIApplicationSceneManifest_Generation = YES;
				INFOPLIST_KEY_UIApplicationSupportsIndirectInputEvents = YES;
				INFOPLIST_KEY_UILaunchScreen_Generation = YES;
				INFOPLIST_KEY_UISupportedInterfaceOrientations_iPad = "UIInterfaceOrientationPortrait UIInterfaceOrientationPortraitUpsideDown UIInterfaceOrientationLandscapeLeft UIInterfaceOrientationLandscapeRight";
				INFOPLIST_KEY_UISupportedInterfaceOrientations_iPhone = "UIInterfaceOrientationPortrait UIInterfaceOrientationLandscapeLeft UIInterfaceOrientationLandscapeRight";
				LD_RUNPATH_SEARCH_PATHS = (
					"$(inherited)",
					"@executable_path/Frameworks",
				);
				MARKETING_VERSION = 1.0;
				PRODUCT_BUNDLE_IDENTIFIER = shd.Landmarks;
				PRODUCT_NAME = "$(TARGET_NAME)";
				SWIFT_EMIT_LOC_STRINGS = YES;
				SWIFT_VERSION = 5.0;
				TARGETED_DEVICE_FAMILY = "1,2";
			};
			name = Debug;
		};
		882845E329DDE2BE00824E9E /* Release */ = {
			isa = XCBuildConfiguration;
			buildSettings = {
				ASSETCATALOG_COMPILER_APPICON_NAME = AppIcon;
				ASSETCATALOG_COMPILER_GLOBAL_ACCENT_COLOR_NAME = AccentColor;
				CODE_SIGN_STYLE = Automatic;
				CURRENT_PROJECT_VERSION = 1;
				DEVELOPMENT_ASSET_PATHS = "\"Landmarks/Preview Content\"";
				DEVELOPMENT_TEAM = XJLXHFD4SM;
				ENABLE_PREVIEWS = YES;
				GENERATE_INFOPLIST_FILE = YES;
				INFOPLIST_KEY_UIApplicationSceneManifest_Generation = YES;
				INFOPLIST_KEY_UIApplicationSupportsIndirectInputEvents = YES;
				INFOPLIST_KEY_UILaunchScreen_Generation = YES;
				INFOPLIST_KEY_UISupportedInterfaceOrientations_iPad = "UIInterfaceOrientationPortrait UIInterfaceOrientationPortraitUpsideDown UIInterfaceOrientationLandscapeLeft UIInterfaceOrientationLandscapeRight";
				INFOPLIST_KEY_UISupportedInterfaceOrientations_iPhone = "UIInterfaceOrientationPortrait UIInterfaceOrientationLandscapeLeft UIInterfaceOrientationLandscapeRight";
				LD_RUNPATH_SEARCH_PATHS = (
					"$(inherited)",
					"@executable_path/Frameworks",
				);
				MARKETING_VERSION = 1.0;
				PRODUCT_BUNDLE_IDENTIFIER = shd.Landmarks;
				PRODUCT_NAME = "$(TARGET_NAME)";
				SWIFT_EMIT_LOC_STRINGS = YES;
				SWIFT_VERSION = 5.0;
				TARGETED_DEVICE_FAMILY = "1,2";
			};
			name = Release;
		};
/* End XCBuildConfiguration section */

/* Begin XCConfigurationList section */
		882845CE29DDE2BD00824E9E /* Build configuration list for PBXProject "Landmarks" */ = {
			isa = XCConfigurationList;
			buildConfigurations = (
				882845DF29DDE2BE00824E9E /* Debug */,
				882845E029DDE2BE00824E9E /* Release */,
			);
			defaultConfigurationIsVisible = 0;
			defaultConfigurationName = Release;
		};
		882845E129DDE2BE00824E9E /* Build configuration list for PBXNativeTarget "Landmarks" */ = {
			isa = XCConfigurationList;
			buildConfigurations = (
				882845E229DDE2BE00824E9E /* Debug */,
				882845E329DDE2BE00824E9E /* Release */,
			);
			defaultConfigurationIsVisible = 0;
			defaultConfigurationName = Release;
		};
/* End XCConfigurationList section */
	};
	rootObject = 882845CB29DDE2BD00824E9E /* Project object */;
}
